
Microsoft Visual Studio Solution File, Format Version 12.00
# Visual Studio 15
VisualStudioVersion = 15.0.28307.572
MinimumVisualStudioVersion = 10.0.40219.1
Project("{FAE04EC0-301F-11D3-BF4B-00C04F79EFBC}") = "INotes.API", "INotes.API\INotes.API.csproj", "{2F854E8A-0822-4FCC-A9B2-3B312D390E53}"
EndProject
Project("{FAE04EC0-301F-11D3-BF4B-00C04F79EFBC}") = "INotes.UI", "INotes.UI\INotes.UI.csproj", "{C58EA605-8471-40B6-99C9-F5F1516E7FB9}"
EndProject
Global
	GlobalSection(SolutionConfigurationPlatforms) = preSolution
		Debug|Any CPU = Debug|Any CPU
		Release|Any CPU = Release|Any CPU
	EndGlobalSection
	GlobalSection(ProjectConfigurationPlatforms) = postSolution
		{2F854E8A-0822-4FCC-A9B2-3B312D390E53}.Debug|Any CPU.ActiveCfg = Debug|Any CPU
		{2F854E8A-0822-4FCC-A9B2-3B312D390E53}.Debug|Any CPU.Build.0 = Debug|Any CPU
		{2F854E8A-0822-4FCC-A9B2-3B312D390E53}.Release|Any CPU.ActiveCfg = Release|Any CPU
		{2F854E8A-0822-4FCC-A9B2-3B312D390E53}.Release|Any CPU.Build.0 = Release|Any CPU
		{C58EA605-8471-40B6-99C9-F5F1516E7FB9}.Debug|Any CPU.ActiveCfg = Debug|Any CPU
		{C58EA605-8471-40B6-99C9-F5F1516E7FB9}.Debug|Any CPU.Build.0 = Debug|Any CPU
		{C58EA605-8471-40B6-99C9-F5F1516E7FB9}.Release|Any CPU.ActiveCfg = Release|Any CPU
		{C58EA605-8471-40B6-99C9-F5F1516E7FB9}.Release|Any CPU.Build.0 = Release|Any CPU
	EndGlobalSection
	GlobalSection(SolutionProperties) = preSolution
		HideSolutionNode = FALSE
	EndGlobalSection
	GlobalSection(ExtensibilityGlobals) = postSolution
		SolutionGuid = {5F870C2F-319A-4AC9-B7D3-2E00E82554C9}
	EndGlobalSection
EndGlobal
